
Microsoft Visual Studio Solution File, Format Version 12.00
# Visual Studio 2012
Project("{FAE04EC0-301F-11D3-BF4B-00C04F79EFBC}") = "UnifiedBucketCloudStorage", "UnifiedBucketCloudStorage\UnifiedBucketCloudStorage.csproj", "{C6A4F08B-17CB-43B5-9FB6-9B8D7964B079}"
EndProject
Global
	GlobalSection(SolutionConfigurationPlatforms) = preSolution
		Debug|x86 = Debug|x86
		Release|x86 = Release|x86
	EndGlobalSection
	GlobalSection(ProjectConfigurationPlatforms) = postSolution
		{C6A4F08B-17CB-43B5-9FB6-9B8D7964B079}.Debug|x86.ActiveCfg = Debug|x86
		{C6A4F08B-17CB-43B5-9FB6-9B8D7964B079}.Debug|x86.Build.0 = Debug|x86
		{C6A4F08B-17CB-43B5-9FB6-9B8D7964B079}.Release|x86.ActiveCfg = Release|x86
		{C6A4F08B-17CB-43B5-9FB6-9B8D7964B079}.Release|x86.Build.0 = Release|x86
	EndGlobalSection
EndGlobal
